// !$*UTF8*$!
{
	archiveVersion = 1;
	classes = {
	};
	objectVersion = 77;
	objects = {

/* Begin PBXBuildFile section */
		55F3BFE14270ACE03C0B93E7 /* CoreLocation.framework in Frameworks */ = {isa = PBXBuildFile; fileRef = C1C5AD0218249C88F3C45043 /* CoreLocation.framework */; };
		67B1CB586014F1317BE1FEFB /* AppDelegate.swift in Sources */ = {isa = PBXBuildFile; fileRef = 7A711002A6B16B651E0D0365 /* AppDelegate.swift */; };
		7BF6CEF6374EFC7B4AC20A24 /* LaunchScreen.storyboard in Resources */ = {isa = PBXBuildFile; fileRef = 326F4B8A5C2FC49E2D1DB6BC /* LaunchScreen.storyboard */; };
		8B8A7D1F2EC90D251D092AFE /* SceneDelegate.swift in Sources */ = {isa = PBXBuildFile; fileRef = CB15D0B1617F423DD54C8E74 /* SceneDelegate.swift */; };
		D48335C1CA7B6CBD5619D142 /* ViewController.swift in Sources */ = {isa = PBXBuildFile; fileRef = 6CA992B60692B579B5AABEE1 /* ViewController.swift */; };
		F1A7DD98EE057BEB1E035A6D /* MapKit.framework in Frameworks */ = {isa = PBXBuildFile; fileRef = 7E0C6421AC422301068274FE /* MapKit.framework */; };
/* End PBXBuildFile section */

/* Begin PBXFileReference section */
		13AE82EC2A012ACFAF573816 /* Base */ = {isa = PBXFileReference; lastKnownFileType = file.storyboard; name = Base; path = Base.lproj/LaunchScreen.storyboard; sourceTree = "<group>"; };
		6CA992B60692B579B5AABEE1 /* ViewController.swift */ = {isa = PBXFileReference; lastKnownFileType = sourcecode.swift; path = ViewController.swift; sourceTree = "<group>"; };
		78C03A2F9596399E398906D7 /* Example4_MapKit.app */ = {isa = PBXFileReference; includeInIndex = 0; lastKnownFileType = wrapper.application; path = Example4_MapKit.app; sourceTree = BUILT_PRODUCTS_DIR; };
		7A711002A6B16B651E0D0365 /* AppDelegate.swift */ = {isa = PBXFileReference; lastKnownFileType = sourcecode.swift; path = AppDelegate.swift; sourceTree = "<group>"; };
		7E0C6421AC422301068274FE /* MapKit.framework */ = {isa = PBXFileReference; lastKnownFileType = wrapper.framework; name = MapKit.framework; path = System/Library/Frameworks/MapKit.framework; sourceTree = SDKROOT; };
		82B6DFE7D49E45C61B87092A /* Info.plist */ = {isa = PBXFileReference; lastKnownFileType = text.plist; path = Info.plist; sourceTree = "<group>"; };
		C1C5AD0218249C88F3C45043 /* CoreLocation.framework */ = {isa = PBXFileReference; lastKnownFileType = wrapper.framework; name = CoreLocation.framework; path = System/Library/Frameworks/CoreLocation.framework; sourceTree = SDKROOT; };
		CB15D0B1617F423DD54C8E74 /* SceneDelegate.swift */ = {isa = PBXFileReference; lastKnownFileType = sourcecode.swift; path = SceneDelegate.swift; sourceTree = "<group>"; };
/* End PBXFileReference section */

/* Begin PBXFrameworksBuildPhase section */
		768AF9D0B7E8EAABF4DFFECB /* Frameworks */ = {
			isa = PBXFrameworksBuildPhase;
			buildActionMask = 2147483647;
			files = (
				F1A7DD98EE057BEB1E035A6D /* MapKit.framework in Frameworks */,
				55F3BFE14270ACE03C0B93E7 /* CoreLocation.framework in Frameworks */,
			);
			runOnlyForDeploymentPostprocessing = 0;
		};
/* End PBXFrameworksBuildPhase section */

/* Begin PBXGroup section */
		65966FB7E291F6C8CF0D4013 /* Frameworks */ = {
			isa = PBXGroup;
			children = (
				C1C5AD0218249C88F3C45043 /* CoreLocation.framework */,
				7E0C6421AC422301068274FE /* MapKit.framework */,
			);
			name = Frameworks;
			sourceTree = "<group>";
		};
		7555B4BB76BE578C6E85796C /* Products */ = {
			isa = PBXGroup;
			children = (
				78C03A2F9596399E398906D7 /* Example4_MapKit.app */,
			);
			name = Products;
			sourceTree = "<group>";
		};
		E4EF3855F5E1E2A4A3CF5B88 = {
			isa = PBXGroup;
			children = (
				F32D6828492CBD9AAF78B9EA /* Example4_MapKit */,
				65966FB7E291F6C8CF0D4013 /* Frameworks */,
				7555B4BB76BE578C6E85796C /* Products */,
			);
			sourceTree = "<group>";
		};
		F32D6828492CBD9AAF78B9EA /* Example4_MapKit */ = {
			isa = PBXGroup;
			children = (
				7A711002A6B16B651E0D0365 /* AppDelegate.swift */,
				82B6DFE7D49E45C61B87092A /* Info.plist */,
				CB15D0B1617F423DD54C8E74 /* SceneDelegate.swift */,
				6CA992B60692B579B5AABEE1 /* ViewController.swift */,
				326F4B8A5C2FC49E2D1DB6BC /* LaunchScreen.storyboard */,
			);
			path = Example4_MapKit;
			sourceTree = "<group>";
		};
/* End PBXGroup section */

/* Begin PBXNativeTarget section */
		32B714C7293640329D4720E1 /* Example4_MapKit */ = {
			isa = PBXNativeTarget;
			buildConfigurationList = E603154CDC1FA4192FD86C6D /* Build configuration list for PBXNativeTarget "Example4_MapKit" */;
			buildPhases = (
				7E9CDDCA4F74A36B08B3AD45 /* Link Example4_MapKit */,
				25803B9F335622D8227FB77C /* Sources */,
				E0DC2EBAF0D747C19CB7840C /* Resources */,
				768AF9D0B7E8EAABF4DFFECB /* Frameworks */,
			);
			buildRules = (
			);
			dependencies = (
			);
			name = Example4_MapKit;
			packageProductDependencies = (
			);
			productName = Example4_MapKit;
			productReference = 78C03A2F9596399E398906D7 /* Example4_MapKit.app */;
			productType = "com.apple.product-type.application";
		};
/* End PBXNativeTarget section */

/* Begin PBXProject section */
		661C346A65ADFC748DF8009C /* Project object */ = {
			isa = PBXProject;
			attributes = {
				BuildIndependentTargetsInParallel = YES;
				LastUpgradeCheck = 1600;
				TargetAttributes = {
				};
			};
			buildConfigurationList = 342B5834FB7BF8FAB576B119 /* Build configuration list for PBXProject "Example4_MapKit" */;
			developmentRegion = en;
			hasScannedForEncodings = 0;
			knownRegions = (
				Base,
				en,
			);
			mainGroup = E4EF3855F5E1E2A4A3CF5B88;
			minimizedProjectReferenceProxies = 1;
			preferredProjectObjectVersion = 77;
			productRefGroup = 7555B4BB76BE578C6E85796C /* Products */;
			projectDirPath = "";
			projectRoot = "";
			targets = (
				32B714C7293640329D4720E1 /* Example4_MapKit */,
			);
		};
/* End PBXProject section */

/* Begin PBXResourcesBuildPhase section */
		E0DC2EBAF0D747C19CB7840C /* Resources */ = {
			isa = PBXResourcesBuildPhase;
			buildActionMask = 2147483647;
			files = (
				7BF6CEF6374EFC7B4AC20A24 /* LaunchScreen.storyboard in Resources */,
			);
			runOnlyForDeploymentPostprocessing = 0;
		};
/* End PBXResourcesBuildPhase section */

/* Begin PBXShellScriptBuildPhase section */
		7E9CDDCA4F74A36B08B3AD45 /* Link Example4_MapKit */ = {
			isa = PBXShellScriptBuildPhase;
			buildActionMask = 2147483647;
			files = (
			);
			inputFileListPaths = (
			);
			inputPaths = (
			);
			name = "Link Example4_MapKit";
			outputFileListPaths = (
			);
			outputPaths = (
			);
			runOnlyForDeploymentPostprocessing = 0;
			shellPath = /bin/sh;
			shellScript = "";
		};
/* End PBXShellScriptBuildPhase section */

/* Begin PBXSourcesBuildPhase section */
		25803B9F335622D8227FB77C /* Sources */ = {
			isa = PBXSourcesBuildPhase;
			buildActionMask = 2147483647;
			files = (
				67B1CB586014F1317BE1FEFB /* AppDelegate.swift in Sources */,
				8B8A7D1F2EC90D251D092AFE /* SceneDelegate.swift in Sources */,
				D48335C1CA7B6CBD5619D142 /* ViewController.swift in Sources */,
			);
			runOnlyForDeploymentPostprocessing = 0;
		};
/* End PBXSourcesBuildPhase section */

/* Begin PBXVariantGroup section */
		326F4B8A5C2FC49E2D1DB6BC /* LaunchScreen.storyboard */ = {
			isa = PBXVariantGroup;
			children = (
				13AE82EC2A012ACFAF573816 /* Base */,
			);
			name = LaunchScreen.storyboard;
			sourceTree = "<group>";
		};
/* End PBXVariantGroup section */

/* Begin XCBuildConfiguration section */
		58F2C714EDB068DAE70BEE48 /* Release */ = {
			isa = XCBuildConfiguration;
			buildSettings = {
				ASSETCATALOG_COMPILER_APPICON_NAME = AppIcon;
				CODE_SIGN_IDENTITY = "iPhone Developer";
				INFOPLIST_FILE = Example4_MapKit/Info.plist;
				LD_RUNPATH_SEARCH_PATHS = (
					"$(inherited)",
					"@executable_path/Frameworks",
				);
				PRODUCT_BUNDLE_IDENTIFIER = com.ivan.lab8.Example4_MapKit;
				SDKROOT = iphoneos;
				TARGETED_DEVICE_FAMILY = "1,2";
			};
			name = Release;
		};
		9C4CD8122D46CCAADCC022CA /* Release */ = {
			isa = XCBuildConfiguration;
			buildSettings = {
				ALWAYS_SEARCH_USER_PATHS = NO;
				CLANG_ANALYZER_NONNULL = YES;
				CLANG_ANALYZER_NUMBER_OBJECT_CONVERSION = YES_AGGRESSIVE;
				CLANG_CXX_LANGUAGE_STANDARD = "gnu++14";
				CLANG_CXX_LIBRARY = "libc++";
				CLANG_ENABLE_MODULES = YES;
				CLANG_ENABLE_OBJC_ARC = YES;
				CLANG_ENABLE_OBJC_WEAK = YES;
				CLANG_WARN_BLOCK_CAPTURE_AUTORELEASING = YES;
				CLANG_WARN_BOOL_CONVERSION = YES;
				CLANG_WARN_COMMA = YES;
				CLANG_WARN_CONSTANT_CONVERSION = YES;
				CLANG_WARN_DEPRECATED_OBJC_IMPLEMENTATIONS = YES;
				CLANG_WARN_DIRECT_OBJC_ISA_USAGE = YES_ERROR;
				CLANG_WARN_DOCUMENTATION_COMMENTS = YES;
				CLANG_WARN_EMPTY_BODY = YES;
				CLANG_WARN_ENUM_CONVERSION = YES;
				CLANG_WARN_INFINITE_RECURSION = YES;
				CLANG_WARN_INT_CONVERSION = YES;
				CLANG_WARN_NON_LITERAL_NULL_CONVERSION = YES;
				CLANG_WARN_OBJC_IMPLICIT_RETAIN_SELF = YES;
				CLANG_WARN_OBJC_LITERAL_CONVERSION = YES;
				CLANG_WARN_OBJC_ROOT_CLASS = YES_ERROR;
				CLANG_WARN_QUOTED_INCLUDE_IN_FRAMEWORK_HEADER = YES;
				CLANG_WARN_RANGE_LOOP_ANALYSIS = YES;
				CLANG_WARN_STRICT_PROTOTYPES = YES;
				CLANG_WARN_SUSPICIOUS_MOVE = YES;
				CLANG_WARN_UNGUARDED_AVAILABILITY = YES_AGGRESSIVE;
				CLANG_WARN_UNREACHABLE_CODE = YES;
				CLANG_WARN__DUPLICATE_METHOD_MATCH = YES;
				COPY_PHASE_STRIP = NO;
				DEBUG_INFORMATION_FORMAT = "dwarf-with-dsym";
				ENABLE_NS_ASSERTIONS = NO;
				ENABLE_STRICT_OBJC_MSGSEND = YES;
				GCC_C_LANGUAGE_STANDARD = gnu11;
				GCC_NO_COMMON_BLOCKS = YES;
				GCC_WARN_64_TO_32_BIT_CONVERSION = YES;
				GCC_WARN_ABOUT_RETURN_TYPE = YES_ERROR;
				GCC_WARN_UNDECLARED_SELECTOR = YES;
				GCC_WARN_UNINITIALIZED_AUTOS = YES_AGGRESSIVE;
				GCC_WARN_UNUSED_FUNCTION = YES;
				GCC_WARN_UNUSED_VARIABLE = YES;
				IPHONEOS_DEPLOYMENT_TARGET = 17.0;
				MTL_ENABLE_DEBUG_INFO = NO;
				MTL_FAST_MATH = YES;
				PRODUCT_NAME = "$(TARGET_NAME)";
				SDKROOT = iphoneos;
				SWIFT_COMPILATION_MODE = wholemodule;
				SWIFT_OPTIMIZATION_LEVEL = "-O";
				SWIFT_VERSION = 5.9;
			};
			name = Release;
		};
		BBD70A670D459AC02231F771 /* Debug */ = {
			isa = XCBuildConfiguration;
			buildSettings = {
				ALWAYS_SEARCH_USER_PATHS = NO;
				CLANG_ANALYZER_NONNULL = YES;
				CLANG_ANALYZER_NUMBER_OBJECT_CONVERSION = YES_AGGRESSIVE;
				CLANG_CXX_LANGUAGE_STANDARD = "gnu++14";
				CLANG_CXX_LIBRARY = "libc++";
				CLANG_ENABLE_MODULES = YES;
				CLANG_ENABLE_OBJC_ARC = YES;
				CLANG_ENABLE_OBJC_WEAK = YES;
				CLANG_WARN_BLOCK_CAPTURE_AUTORELEASING = YES;
				CLANG_WARN_BOOL_CONVERSION = YES;
				CLANG_WARN_COMMA = YES;
				CLANG_WARN_CONSTANT_CONVERSION = YES;
				CLANG_WARN_DEPRECATED_OBJC_IMPLEMENTATIONS = YES;
				CLANG_WARN_DIRECT_OBJC_ISA_USAGE = YES_ERROR;
				CLANG_WARN_DOCUMENTATION_COMMENTS = YES;
				CLANG_WARN_EMPTY_BODY = YES;
				CLANG_WARN_ENUM_CONVERSION = YES;
				CLANG_WARN_INFINITE_RECURSION = YES;
				CLANG_WARN_INT_CONVERSION = YES;
				CLANG_WARN_NON_LITERAL_NULL_CONVERSION = YES;
				CLANG_WARN_OBJC_IMPLICIT_RETAIN_SELF = YES;
				CLANG_WARN_OBJC_LITERAL_CONVERSION = YES;
				CLANG_WARN_OBJC_ROOT_CLASS = YES_ERROR;
				CLANG_WARN_QUOTED_INCLUDE_IN_FRAMEWORK_HEADER = YES;
				CLANG_WARN_RANGE_LOOP_ANALYSIS = YES;
				CLANG_WARN_STRICT_PROTOTYPES = YES;
				CLANG_WARN_SUSPICIOUS_MOVE = YES;
				CLANG_WARN_UNGUARDED_AVAILABILITY = YES_AGGRESSIVE;
				CLANG_WARN_UNREACHABLE_CODE = YES;
				CLANG_WARN__DUPLICATE_METHOD_MATCH = YES;
				COPY_PHASE_STRIP = NO;
				DEBUG_INFORMATION_FORMAT = dwarf;
				ENABLE_STRICT_OBJC_MSGSEND = YES;
				ENABLE_TESTABILITY = YES;
				GCC_C_LANGUAGE_STANDARD = gnu11;
				GCC_DYNAMIC_NO_PIC = NO;
				GCC_NO_COMMON_BLOCKS = YES;
				GCC_OPTIMIZATION_LEVEL = 0;
				GCC_PREPROCESSOR_DEFINITIONS = (
					"$(inherited)",
					"DEBUG=1",
				);
				GCC_WARN_64_TO_32_BIT_CONVERSION = YES;
				GCC_WARN_ABOUT_RETURN_TYPE = YES_ERROR;
				GCC_WARN_UNDECLARED_SELECTOR = YES;
				GCC_WARN_UNINITIALIZED_AUTOS = YES_AGGRESSIVE;
				GCC_WARN_UNUSED_FUNCTION = YES;
				GCC_WARN_UNUSED_VARIABLE = YES;
				IPHONEOS_DEPLOYMENT_TARGET = 17.0;
				MTL_ENABLE_DEBUG_INFO = INCLUDE_SOURCE;
				MTL_FAST_MATH = YES;
				ONLY_ACTIVE_ARCH = YES;
				PRODUCT_NAME = "$(TARGET_NAME)";
				SDKROOT = iphoneos;
				SWIFT_ACTIVE_COMPILATION_CONDITIONS = DEBUG;
				SWIFT_OPTIMIZATION_LEVEL = "-Onone";
				SWIFT_VERSION = 5.9;
			};
			name = Debug;
		};
		C8DE6D8F2535BCEF82FD1358 /* Debug */ = {
			isa = XCBuildConfiguration;
			buildSettings = {
				ASSETCATALOG_COMPILER_APPICON_NAME = AppIcon;
				CODE_SIGN_IDENTITY = "iPhone Developer";
				INFOPLIST_FILE = Example4_MapKit/Info.plist;
				LD_RUNPATH_SEARCH_PATHS = (
					"$(inherited)",
					"@executable_path/Frameworks",
				);
				PRODUCT_BUNDLE_IDENTIFIER = com.ivan.lab8.Example4_MapKit;
				SDKROOT = iphoneos;
				TARGETED_DEVICE_FAMILY = "1,2";
			};
			name = Debug;
		};
/* End XCBuildConfiguration section */

/* Begin XCConfigurationList section */
		342B5834FB7BF8FAB576B119 /* Build configuration list for PBXProject "Example4_MapKit" */ = {
			isa = XCConfigurationList;
			buildConfigurations = (
				BBD70A670D459AC02231F771 /* Debug */,
				9C4CD8122D46CCAADCC022CA /* Release */,
			);
			defaultConfigurationIsVisible = 0;
			defaultConfigurationName = Debug;
		};
		E603154CDC1FA4192FD86C6D /* Build configuration list for PBXNativeTarget "Example4_MapKit" */ = {
			isa = XCConfigurationList;
			buildConfigurations = (
				C8DE6D8F2535BCEF82FD1358 /* Debug */,
				58F2C714EDB068DAE70BEE48 /* Release */,
			);
			defaultConfigurationIsVisible = 0;
			defaultConfigurationName = Debug;
		};
/* End XCConfigurationList section */
	};
	rootObject = 661C346A65ADFC748DF8009C /* Project object */;
}
