// !$*UTF8*$!
{
	archiveVersion = 1;
	classes = {
	};
	objectVersion = 77;
	objects = {

/* Begin PBXBuildFile section */
		50D4F09D26D894CF041B2282 /* AppDelegate.swift in Sources */ = {isa = PBXBuildFile; fileRef = 3997701F5CF88D9D44504A68 /* AppDelegate.swift */; };
		9CD5DA97A93C43E21C3DED22 /* Student.swift in Sources */ = {isa = PBXBuildFile; fileRef = 9FA9BDD693B4A42C1478CAA2 /* Student.swift */; };
		AFC40E5F6F56D5AD26E2C73B /* SceneDelegate.swift in Sources */ = {isa = PBXBuildFile; fileRef = 4066C6B03148C65370549B3C /* SceneDelegate.swift */; };
		B6D116C7C07BABC6D86F848E /* ViewController.swift in Sources */ = {isa = PBXBuildFile; fileRef = 0A12E57E8F15F565606423BA /* ViewController.swift */; };
		C0B1EA8E4DC11D6B8866F0F3 /* LaunchScreen.storyboard in Resources */ = {isa = PBXBuildFile; fileRef = 0513D022B6D973466D4BFA73 /* LaunchScreen.storyboard */; };
		DC99660F0FEAF175131205E7 /* CoreData.framework in Frameworks */ = {isa = PBXBuildFile; fileRef = E149567C15357C05DA73DD2C /* CoreData.framework */; };
		DE6C46D3E8F1AD58A92CEDB5 /* Model.xcdatamodeld in Sources */ = {isa = PBXBuildFile; fileRef = D793109EF5BBF6AB2E8784B1 /* Model.xcdatamodeld */; };
/* End PBXBuildFile section */

/* Begin PBXFileReference section */
		0A12E57E8F15F565606423BA /* ViewController.swift */ = {isa = PBXFileReference; lastKnownFileType = sourcecode.swift; path = ViewController.swift; sourceTree = "<group>"; };
		106691F2F6F1BC18A3018A83 /* Example6_CoreData.app */ = {isa = PBXFileReference; includeInIndex = 0; lastKnownFileType = wrapper.application; path = Example6_CoreData.app; sourceTree = BUILT_PRODUCTS_DIR; };
		3997701F5CF88D9D44504A68 /* AppDelegate.swift */ = {isa = PBXFileReference; lastKnownFileType = sourcecode.swift; path = AppDelegate.swift; sourceTree = "<group>"; };
		4066C6B03148C65370549B3C /* SceneDelegate.swift */ = {isa = PBXFileReference; lastKnownFileType = sourcecode.swift; path = SceneDelegate.swift; sourceTree = "<group>"; };
		8D353BB47CE2FA573811EB10 /* Model.xcdatamodel */ = {isa = PBXFileReference; lastKnownFileType = wrapper.xcdatamodel; path = Model.xcdatamodel; sourceTree = "<group>"; };
		9FA9BDD693B4A42C1478CAA2 /* Student.swift */ = {isa = PBXFileReference; lastKnownFileType = sourcecode.swift; path = Student.swift; sourceTree = "<group>"; };
		AC8DBCE09FFE3B1452553563 /* Info.plist */ = {isa = PBXFileReference; lastKnownFileType = text.plist; path = Info.plist; sourceTree = "<group>"; };
		AFF114DE0FB7189B8186CB7A /* Base */ = {isa = PBXFileReference; lastKnownFileType = file.storyboard; name = Base; path = Base.lproj/LaunchScreen.storyboard; sourceTree = "<group>"; };
		E149567C15357C05DA73DD2C /* CoreData.framework */ = {isa = PBXFileReference; lastKnownFileType = wrapper.framework; name = CoreData.framework; path = System/Library/Frameworks/CoreData.framework; sourceTree = SDKROOT; };
/* End PBXFileReference section */

/* Begin PBXFrameworksBuildPhase section */
		7A8F7E6F915122BE54DDB966 /* Frameworks */ = {
			isa = PBXFrameworksBuildPhase;
			buildActionMask = 2147483647;
			files = (
				DC99660F0FEAF175131205E7 /* CoreData.framework in Frameworks */,
			);
			runOnlyForDeploymentPostprocessing = 0;
		};
/* End PBXFrameworksBuildPhase section */

/* Begin PBXGroup section */
		55BC19E3882B2F025B178D0F /* Products */ = {
			isa = PBXGroup;
			children = (
				106691F2F6F1BC18A3018A83 /* Example6_CoreData.app */,
			);
			name = Products;
			sourceTree = "<group>";
		};
		5F2F143D8C63B51A22AC13F3 = {
			isa = PBXGroup;
			children = (
				9E1224792BB033DBA0CAC4C0 /* Example6_CoreData */,
				87C3DC055C353575E8C55FA6 /* Frameworks */,
				55BC19E3882B2F025B178D0F /* Products */,
			);
			sourceTree = "<group>";
		};
		87C3DC055C353575E8C55FA6 /* Frameworks */ = {
			isa = PBXGroup;
			children = (
				E149567C15357C05DA73DD2C /* CoreData.framework */,
			);
			name = Frameworks;
			sourceTree = "<group>";
		};
		9E1224792BB033DBA0CAC4C0 /* Example6_CoreData */ = {
			isa = PBXGroup;
			children = (
				3997701F5CF88D9D44504A68 /* AppDelegate.swift */,
				AC8DBCE09FFE3B1452553563 /* Info.plist */,
				4066C6B03148C65370549B3C /* SceneDelegate.swift */,
				9FA9BDD693B4A42C1478CAA2 /* Student.swift */,
				0A12E57E8F15F565606423BA /* ViewController.swift */,
				0513D022B6D973466D4BFA73 /* LaunchScreen.storyboard */,
				D793109EF5BBF6AB2E8784B1 /* Model.xcdatamodeld */,
			);
			path = Example6_CoreData;
			sourceTree = "<group>";
		};
/* End PBXGroup section */

/* Begin PBXNativeTarget section */
		E1D3C41C9B89C09D9552DA69 /* Example6_CoreData */ = {
			isa = PBXNativeTarget;
			buildConfigurationList = BC05D4A10E502821F6F4BBC9 /* Build configuration list for PBXNativeTarget "Example6_CoreData" */;
			buildPhases = (
				A56BC3750B611E815371B146 /* Link Example6_CoreData */,
				89C4215FAEC6D0F2E9A26340 /* Sources */,
				0A49B5D3D8433D36FE49C9BB /* Resources */,
				7A8F7E6F915122BE54DDB966 /* Frameworks */,
			);
			buildRules = (
			);
			dependencies = (
			);
			name = Example6_CoreData;
			packageProductDependencies = (
			);
			productName = Example6_CoreData;
			productReference = 106691F2F6F1BC18A3018A83 /* Example6_CoreData.app */;
			productType = "com.apple.product-type.application";
		};
/* End PBXNativeTarget section */

/* Begin PBXProject section */
		7E7CE8FA7F761915AE8BBFB5 /* Project object */ = {
			isa = PBXProject;
			attributes = {
				BuildIndependentTargetsInParallel = YES;
				LastUpgradeCheck = 1600;
				TargetAttributes = {
				};
			};
			buildConfigurationList = 6A71221A4093DC2AA38033EE /* Build configuration list for PBXProject "Example6_CoreData" */;
			developmentRegion = en;
			hasScannedForEncodings = 0;
			knownRegions = (
				Base,
				en,
			);
			mainGroup = 5F2F143D8C63B51A22AC13F3;
			minimizedProjectReferenceProxies = 1;
			preferredProjectObjectVersion = 77;
			productRefGroup = 55BC19E3882B2F025B178D0F /* Products */;
			projectDirPath = "";
			projectRoot = "";
			targets = (
				E1D3C41C9B89C09D9552DA69 /* Example6_CoreData */,
			);
		};
/* End PBXProject section */

/* Begin PBXResourcesBuildPhase section */
		0A49B5D3D8433D36FE49C9BB /* Resources */ = {
			isa = PBXResourcesBuildPhase;
			buildActionMask = 2147483647;
			files = (
				C0B1EA8E4DC11D6B8866F0F3 /* LaunchScreen.storyboard in Resources */,
			);
			runOnlyForDeploymentPostprocessing = 0;
		};
/* End PBXResourcesBuildPhase section */

/* Begin PBXShellScriptBuildPhase section */
		A56BC3750B611E815371B146 /* Link Example6_CoreData */ = {
			isa = PBXShellScriptBuildPhase;
			buildActionMask = 2147483647;
			files = (
			);
			inputFileListPaths = (
			);
			inputPaths = (
			);
			name = "Link Example6_CoreData";
			outputFileListPaths = (
			);
			outputPaths = (
			);
			runOnlyForDeploymentPostprocessing = 0;
			shellPath = /bin/sh;
			shellScript = "";
		};
/* End PBXShellScriptBuildPhase section */

/* Begin PBXSourcesBuildPhase section */
		89C4215FAEC6D0F2E9A26340 /* Sources */ = {
			isa = PBXSourcesBuildPhase;
			buildActionMask = 2147483647;
			files = (
				50D4F09D26D894CF041B2282 /* AppDelegate.swift in Sources */,
				DE6C46D3E8F1AD58A92CEDB5 /* Model.xcdatamodeld in Sources */,
				AFC40E5F6F56D5AD26E2C73B /* SceneDelegate.swift in Sources */,
				9CD5DA97A93C43E21C3DED22 /* Student.swift in Sources */,
				B6D116C7C07BABC6D86F848E /* ViewController.swift in Sources */,
			);
			runOnlyForDeploymentPostprocessing = 0;
		};
/* End PBXSourcesBuildPhase section */

/* Begin PBXVariantGroup section */
		0513D022B6D973466D4BFA73 /* LaunchScreen.storyboard */ = {
			isa = PBXVariantGroup;
			children = (
				AFF114DE0FB7189B8186CB7A /* Base */,
			);
			name = LaunchScreen.storyboard;
			sourceTree = "<group>";
		};
/* End PBXVariantGroup section */

/* Begin XCBuildConfiguration section */
		6C71003EB1F1C49F4E459567 /* Debug */ = {
			isa = XCBuildConfiguration;
			buildSettings = {
				ALWAYS_SEARCH_USER_PATHS = NO;
				CLANG_ANALYZER_NONNULL = YES;
				CLANG_ANALYZER_NUMBER_OBJECT_CONVERSION = YES_AGGRESSIVE;
				CLANG_CXX_LANGUAGE_STANDARD = "gnu++14";
				CLANG_CXX_LIBRARY = "libc++";
				CLANG_ENABLE_MODULES = YES;
				CLANG_ENABLE_OBJC_ARC = YES;
				CLANG_ENABLE_OBJC_WEAK = YES;
				CLANG_WARN_BLOCK_CAPTURE_AUTORELEASING = YES;
				CLANG_WARN_BOOL_CONVERSION = YES;
				CLANG_WARN_COMMA = YES;
				CLANG_WARN_CONSTANT_CONVERSION = YES;
				CLANG_WARN_DEPRECATED_OBJC_IMPLEMENTATIONS = YES;
				CLANG_WARN_DIRECT_OBJC_ISA_USAGE = YES_ERROR;
				CLANG_WARN_DOCUMENTATION_COMMENTS = YES;
				CLANG_WARN_EMPTY_BODY = YES;
				CLANG_WARN_ENUM_CONVERSION = YES;
				CLANG_WARN_INFINITE_RECURSION = YES;
				CLANG_WARN_INT_CONVERSION = YES;
				CLANG_WARN_NON_LITERAL_NULL_CONVERSION = YES;
				CLANG_WARN_OBJC_IMPLICIT_RETAIN_SELF = YES;
				CLANG_WARN_OBJC_LITERAL_CONVERSION = YES;
				CLANG_WARN_OBJC_ROOT_CLASS = YES_ERROR;
				CLANG_WARN_QUOTED_INCLUDE_IN_FRAMEWORK_HEADER = YES;
				CLANG_WARN_RANGE_LOOP_ANALYSIS = YES;
				CLANG_WARN_STRICT_PROTOTYPES = YES;
				CLANG_WARN_SUSPICIOUS_MOVE = YES;
				CLANG_WARN_UNGUARDED_AVAILABILITY = YES_AGGRESSIVE;
				CLANG_WARN_UNREACHABLE_CODE = YES;
				CLANG_WARN__DUPLICATE_METHOD_MATCH = YES;
				COPY_PHASE_STRIP = NO;
				DEBUG_INFORMATION_FORMAT = dwarf;
				ENABLE_STRICT_OBJC_MSGSEND = YES;
				ENABLE_TESTABILITY = YES;
				GCC_C_LANGUAGE_STANDARD = gnu11;
				GCC_DYNAMIC_NO_PIC = NO;
				GCC_NO_COMMON_BLOCKS = YES;
				GCC_OPTIMIZATION_LEVEL = 0;
				GCC_PREPROCESSOR_DEFINITIONS = (
					"$(inherited)",
					"DEBUG=1",
				);
				GCC_WARN_64_TO_32_BIT_CONVERSION = YES;
				GCC_WARN_ABOUT_RETURN_TYPE = YES_ERROR;
				GCC_WARN_UNDECLARED_SELECTOR = YES;
				GCC_WARN_UNINITIALIZED_AUTOS = YES_AGGRESSIVE;
				GCC_WARN_UNUSED_FUNCTION = YES;
				GCC_WARN_UNUSED_VARIABLE = YES;
				IPHONEOS_DEPLOYMENT_TARGET = 17.0;
				MTL_ENABLE_DEBUG_INFO = INCLUDE_SOURCE;
				MTL_FAST_MATH = YES;
				ONLY_ACTIVE_ARCH = YES;
				PRODUCT_NAME = "$(TARGET_NAME)";
				SDKROOT = iphoneos;
				SWIFT_ACTIVE_COMPILATION_CONDITIONS = DEBUG;
				SWIFT_OPTIMIZATION_LEVEL = "-Onone";
				SWIFT_VERSION = 5.9;
			};
			name = Debug;
		};
		70ACFB0ECB2BDA631E09198E /* Debug */ = {
			isa = XCBuildConfiguration;
			buildSettings = {
				ASSETCATALOG_COMPILER_APPICON_NAME = AppIcon;
				CODE_SIGN_IDENTITY = "iPhone Developer";
				INFOPLIST_FILE = Example6_CoreData/Info.plist;
				LD_RUNPATH_SEARCH_PATHS = (
					"$(inherited)",
					"@executable_path/Frameworks",
				);
				PRODUCT_BUNDLE_IDENTIFIER = com.ivan.lab8.Example6_CoreData;
				SDKROOT = iphoneos;
				TARGETED_DEVICE_FAMILY = "1,2";
			};
			name = Debug;
		};
		B0F8CB85969A05D3C7441F60 /* Release */ = {
			isa = XCBuildConfiguration;
			buildSettings = {
				ASSETCATALOG_COMPILER_APPICON_NAME = AppIcon;
				CODE_SIGN_IDENTITY = "iPhone Developer";
				INFOPLIST_FILE = Example6_CoreData/Info.plist;
				LD_RUNPATH_SEARCH_PATHS = (
					"$(inherited)",
					"@executable_path/Frameworks",
				);
				PRODUCT_BUNDLE_IDENTIFIER = com.ivan.lab8.Example6_CoreData;
				SDKROOT = iphoneos;
				TARGETED_DEVICE_FAMILY = "1,2";
			};
			name = Release;
		};
		BB5A0197841959F9E9586676 /* Release */ = {
			isa = XCBuildConfiguration;
			buildSettings = {
				ALWAYS_SEARCH_USER_PATHS = NO;
				CLANG_ANALYZER_NONNULL = YES;
				CLANG_ANALYZER_NUMBER_OBJECT_CONVERSION = YES_AGGRESSIVE;
				CLANG_CXX_LANGUAGE_STANDARD = "gnu++14";
				CLANG_CXX_LIBRARY = "libc++";
				CLANG_ENABLE_MODULES = YES;
				CLANG_ENABLE_OBJC_ARC = YES;
				CLANG_ENABLE_OBJC_WEAK = YES;
				CLANG_WARN_BLOCK_CAPTURE_AUTORELEASING = YES;
				CLANG_WARN_BOOL_CONVERSION = YES;
				CLANG_WARN_COMMA = YES;
				CLANG_WARN_CONSTANT_CONVERSION = YES;
				CLANG_WARN_DEPRECATED_OBJC_IMPLEMENTATIONS = YES;
				CLANG_WARN_DIRECT_OBJC_ISA_USAGE = YES_ERROR;
				CLANG_WARN_DOCUMENTATION_COMMENTS = YES;
				CLANG_WARN_EMPTY_BODY = YES;
				CLANG_WARN_ENUM_CONVERSION = YES;
				CLANG_WARN_INFINITE_RECURSION = YES;
				CLANG_WARN_INT_CONVERSION = YES;
				CLANG_WARN_NON_LITERAL_NULL_CONVERSION = YES;
				CLANG_WARN_OBJC_IMPLICIT_RETAIN_SELF = YES;
				CLANG_WARN_OBJC_LITERAL_CONVERSION = YES;
				CLANG_WARN_OBJC_ROOT_CLASS = YES_ERROR;
				CLANG_WARN_QUOTED_INCLUDE_IN_FRAMEWORK_HEADER = YES;
				CLANG_WARN_RANGE_LOOP_ANALYSIS = YES;
				CLANG_WARN_STRICT_PROTOTYPES = YES;
				CLANG_WARN_SUSPICIOUS_MOVE = YES;
				CLANG_WARN_UNGUARDED_AVAILABILITY = YES_AGGRESSIVE;
				CLANG_WARN_UNREACHABLE_CODE = YES;
				CLANG_WARN__DUPLICATE_METHOD_MATCH = YES;
				COPY_PHASE_STRIP = NO;
				DEBUG_INFORMATION_FORMAT = "dwarf-with-dsym";
				ENABLE_NS_ASSERTIONS = NO;
				ENABLE_STRICT_OBJC_MSGSEND = YES;
				GCC_C_LANGUAGE_STANDARD = gnu11;
				GCC_NO_COMMON_BLOCKS = YES;
				GCC_WARN_64_TO_32_BIT_CONVERSION = YES;
				GCC_WARN_ABOUT_RETURN_TYPE = YES_ERROR;
				GCC_WARN_UNDECLARED_SELECTOR = YES;
				GCC_WARN_UNINITIALIZED_AUTOS = YES_AGGRESSIVE;
				GCC_WARN_UNUSED_FUNCTION = YES;
				GCC_WARN_UNUSED_VARIABLE = YES;
				IPHONEOS_DEPLOYMENT_TARGET = 17.0;
				MTL_ENABLE_DEBUG_INFO = NO;
				MTL_FAST_MATH = YES;
				PRODUCT_NAME = "$(TARGET_NAME)";
				SDKROOT = iphoneos;
				SWIFT_COMPILATION_MODE = wholemodule;
				SWIFT_OPTIMIZATION_LEVEL = "-O";
				SWIFT_VERSION = 5.9;
			};
			name = Release;
		};
/* End XCBuildConfiguration section */

/* Begin XCConfigurationList section */
		6A71221A4093DC2AA38033EE /* Build configuration list for PBXProject "Example6_CoreData" */ = {
			isa = XCConfigurationList;
			buildConfigurations = (
				6C71003EB1F1C49F4E459567 /* Debug */,
				BB5A0197841959F9E9586676 /* Release */,
			);
			defaultConfigurationIsVisible = 0;
			defaultConfigurationName = Debug;
		};
		BC05D4A10E502821F6F4BBC9 /* Build configuration list for PBXNativeTarget "Example6_CoreData" */ = {
			isa = XCConfigurationList;
			buildConfigurations = (
				70ACFB0ECB2BDA631E09198E /* Debug */,
				B0F8CB85969A05D3C7441F60 /* Release */,
			);
			defaultConfigurationIsVisible = 0;
			defaultConfigurationName = Debug;
		};
/* End XCConfigurationList section */

/* Begin XCVersionGroup section */
		D793109EF5BBF6AB2E8784B1 /* Model.xcdatamodeld */ = {
			isa = XCVersionGroup;
			children = (
				8D353BB47CE2FA573811EB10 /* Model.xcdatamodel */,
			);
			currentVersion = 8D353BB47CE2FA573811EB10 /* Model.xcdatamodel */;
			path = Model.xcdatamodeld;
			sourceTree = "<group>";
			versionGroupType = wrapper.xcdatamodel;
		};
/* End XCVersionGroup section */
	};
	rootObject = 7E7CE8FA7F761915AE8BBFB5 /* Project object */;
}
